
Microsoft Visual Studio Solution File, Format Version 12.00
# Visual Studio 15
VisualStudioVersion = 15.0.26124.0
MinimumVisualStudioVersion = 15.0.26124.0
Project("{FAE04EC0-301F-11D3-BF4B-00C04F79EFBC}") = "CheckLinks", "CheckLinksConsole\CheckLinks.csproj", "{ADAB69A5-0D1B-41C9-85CF-D0811C1A6D5F}"
EndProject
Project("{FAE04EC0-301F-11D3-BF4B-00C04F79EFBC}") = "CheckLinksTests", "CheckLinksTests\CheckLinksTests.csproj", "{B8D5A561-A787-4270-8C85-18AFC6489053}"
EndProject
Global
	GlobalSection(SolutionConfigurationPlatforms) = preSolution
		Debug|Any CPU = Debug|Any CPU
		Debug|x64 = Debug|x64
		Debug|x86 = Debug|x86
		Release|Any CPU = Release|Any CPU
		Release|x64 = Release|x64
		Release|x86 = Release|x86
	EndGlobalSection
	GlobalSection(SolutionProperties) = preSolution
		HideSolutionNode = FALSE
	EndGlobalSection
	GlobalSection(ProjectConfigurationPlatforms) = postSolution
		{ADAB69A5-0D1B-41C9-85CF-D0811C1A6D5F}.Debug|Any CPU.ActiveCfg = Debug|Any CPU
		{ADAB69A5-0D1B-41C9-85CF-D0811C1A6D5F}.Debug|Any CPU.Build.0 = Debug|Any CPU
		{ADAB69A5-0D1B-41C9-85CF-D0811C1A6D5F}.Debug|x64.ActiveCfg = Debug|Any CPU
		{ADAB69A5-0D1B-41C9-85CF-D0811C1A6D5F}.Debug|x64.Build.0 = Debug|Any CPU
		{ADAB69A5-0D1B-41C9-85CF-D0811C1A6D5F}.Debug|x86.ActiveCfg = Debug|Any CPU
		{ADAB69A5-0D1B-41C9-85CF-D0811C1A6D5F}.Debug|x86.Build.0 = Debug|Any CPU
		{ADAB69A5-0D1B-41C9-85CF-D0811C1A6D5F}.Release|Any CPU.ActiveCfg = Release|Any CPU
		{ADAB69A5-0D1B-41C9-85CF-D0811C1A6D5F}.Release|Any CPU.Build.0 = Release|Any CPU
		{ADAB69A5-0D1B-41C9-85CF-D0811C1A6D5F}.Release|x64.ActiveCfg = Release|Any CPU
		{ADAB69A5-0D1B-41C9-85CF-D0811C1A6D5F}.Release|x64.Build.0 = Release|Any CPU
		{ADAB69A5-0D1B-41C9-85CF-D0811C1A6D5F}.Release|x86.ActiveCfg = Release|Any CPU
		{ADAB69A5-0D1B-41C9-85CF-D0811C1A6D5F}.Release|x86.Build.0 = Release|Any CPU
		{B8D5A561-A787-4270-8C85-18AFC6489053}.Debug|Any CPU.ActiveCfg = Debug|Any CPU
		{B8D5A561-A787-4270-8C85-18AFC6489053}.Debug|Any CPU.Build.0 = Debug|Any CPU
		{B8D5A561-A787-4270-8C85-18AFC6489053}.Debug|x64.ActiveCfg = Debug|Any CPU
		{B8D5A561-A787-4270-8C85-18AFC6489053}.Debug|x64.Build.0 = Debug|Any CPU
		{B8D5A561-A787-4270-8C85-18AFC6489053}.Debug|x86.ActiveCfg = Debug|Any CPU
		{B8D5A561-A787-4270-8C85-18AFC6489053}.Debug|x86.Build.0 = Debug|Any CPU
		{B8D5A561-A787-4270-8C85-18AFC6489053}.Release|Any CPU.ActiveCfg = Release|Any CPU
		{B8D5A561-A787-4270-8C85-18AFC6489053}.Release|Any CPU.Build.0 = Release|Any CPU
		{B8D5A561-A787-4270-8C85-18AFC6489053}.Release|x64.ActiveCfg = Release|Any CPU
		{B8D5A561-A787-4270-8C85-18AFC6489053}.Release|x64.Build.0 = Release|Any CPU
		{B8D5A561-A787-4270-8C85-18AFC6489053}.Release|x86.ActiveCfg = Release|Any CPU
		{B8D5A561-A787-4270-8C85-18AFC6489053}.Release|x86.Build.0 = Release|Any CPU
	EndGlobalSection
EndGlobal
